// !$*UTF8*$!
{
	archiveVersion = 1;
	classes = {
	};
	objectVersion = 46;
	objects = {

/* Begin PBXBuildFile section */
		A105C8A11D0698130074E600 /* AppDelegate.swift in Sources */ = {isa = PBXBuildFile; fileRef = A105C8A01D0698130074E600 /* AppDelegate.swift */; };
		A105C8A31D0698130074E600 /* ViewController.swift in Sources */ = {isa = PBXBuildFile; fileRef = A105C8A21D0698130074E600 /* ViewController.swift */; };
		A105C8A61D0698130074E600 /* Main.storyboard in Resources */ = {isa = PBXBuildFile; fileRef = A105C8A41D0698130074E600 /* Main.storyboard */; };
		A105C8A81D0698130074E600 /* Assets.xcassets in Resources */ = {isa = PBXBuildFile; fileRef = A105C8A71D0698130074E600 /* Assets.xcassets */; };
		A105C8AB1D0698130074E600 /* LaunchScreen.storyboard in Resources */ = {isa = PBXBuildFile; fileRef = A105C8A91D0698130074E600 /* LaunchScreen.storyboard */; };
		A105C8B31D069BA20074E600 /* TableViewCell.swift in Sources */ = {isa = PBXBuildFile; fileRef = A105C8B21D069BA20074E600 /* TableViewCell.swift */; };
		A105C8B51D069BB60074E600 /* CollectionViewCell.swift in Sources */ = {isa = PBXBuildFile; fileRef = A105C8B41D069BB60074E600 /* CollectionViewCell.swift */; };
		A105C8B71D069E520074E600 /* Reveal.framework in Frameworks */ = {isa = PBXBuildFile; fileRef = A105C8B61D069E520074E600 /* Reveal.framework */; };
/* End PBXBuildFile section */

/* Begin PBXFileReference section */
		A105C89D1D0698130074E600 /* CollectionViewInTableViewCell.app */ = {isa = PBXFileReference; explicitFileType = wrapper.application; includeInIndex = 0; path = CollectionViewInTableViewCell.app; sourceTree = BUILT_PRODUCTS_DIR; };
		A105C8A01D0698130074E600 /* AppDelegate.swift */ = {isa = PBXFileReference; lastKnownFileType = sourcecode.swift; path = AppDelegate.swift; sourceTree = "<group>"; };
		A105C8A21D0698130074E600 /* ViewController.swift */ = {isa = PBXFileReference; lastKnownFileType = sourcecode.swift; path = ViewController.swift; sourceTree = "<group>"; };
		A105C8A51D0698130074E600 /* Base */ = {isa = PBXFileReference; lastKnownFileType = file.storyboard; name = Base; path = Base.lproj/Main.storyboard; sourceTree = "<group>"; };
		A105C8A71D0698130074E600 /* Assets.xcassets */ = {isa = PBXFileReference; lastKnownFileType = folder.assetcatalog; path = Assets.xcassets; sourceTree = "<group>"; };
		A105C8AA1D0698130074E600 /* Base */ = {isa = PBXFileReference; lastKnownFileType = file.storyboard; name = Base; path = Base.lproj/LaunchScreen.storyboard; sourceTree = "<group>"; };
		A105C8AC1D0698130074E600 /* Info.plist */ = {isa = PBXFileReference; lastKnownFileType = text.plist.xml; path = Info.plist; sourceTree = "<group>"; };
		A105C8B21D069BA20074E600 /* TableViewCell.swift */ = {isa = PBXFileReference; fileEncoding = 4; lastKnownFileType = sourcecode.swift; path = TableViewCell.swift; sourceTree = "<group>"; };
		A105C8B41D069BB60074E600 /* CollectionViewCell.swift */ = {isa = PBXFileReference; fileEncoding = 4; lastKnownFileType = sourcecode.swift; path = CollectionViewCell.swift; sourceTree = "<group>"; };
		A105C8B61D069E520074E600 /* Reveal.framework */ = {isa = PBXFileReference; lastKnownFileType = wrapper.framework; path = Reveal.framework; sourceTree = "<group>"; };
/* End PBXFileReference section */

/* Begin PBXFrameworksBuildPhase section */
		A105C89A1D0698130074E600 /* Frameworks */ = {
			isa = PBXFrameworksBuildPhase;
			buildActionMask = 2147483647;
			files = (
				A105C8B71D069E520074E600 /* Reveal.framework in Frameworks */,
			);
			runOnlyForDeploymentPostprocessing = 0;
		};
/* End PBXFrameworksBuildPhase section */

/* Begin PBXGroup section */
		A105C8941D0698130074E600 = {
			isa = PBXGroup;
			children = (
				A105C8B61D069E520074E600 /* Reveal.framework */,
				A105C89F1D0698130074E600 /* CollectionViewInTableViewCell */,
				A105C89E1D0698130074E600 /* Products */,
			);
			sourceTree = "<group>";
		};
		A105C89E1D0698130074E600 /* Products */ = {
			isa = PBXGroup;
			children = (
				A105C89D1D0698130074E600 /* CollectionViewInTableViewCell.app */,
			);
			name = Products;
			sourceTree = "<group>";
		};
		A105C89F1D0698130074E600 /* CollectionViewInTableViewCell */ = {
			isa = PBXGroup;
			children = (
				A105C8A01D0698130074E600 /* AppDelegate.swift */,
				A105C8A21D0698130074E600 /* ViewController.swift */,
				A105C8B21D069BA20074E600 /* TableViewCell.swift */,
				A105C8B41D069BB60074E600 /* CollectionViewCell.swift */,
				A105C8A41D0698130074E600 /* Main.storyboard */,
				A105C8A71D0698130074E600 /* Assets.xcassets */,
				A105C8A91D0698130074E600 /* LaunchScreen.storyboard */,
				A105C8AC1D0698130074E600 /* Info.plist */,
			);
			path = CollectionViewInTableViewCell;
			sourceTree = "<group>";
		};
/* End PBXGroup section */

/* Begin PBXNativeTarget section */
		A105C89C1D0698130074E600 /* CollectionViewInTableViewCell */ = {
			isa = PBXNativeTarget;
			buildConfigurationList = A105C8AF1D0698130074E600 /* Build configuration list for PBXNativeTarget "CollectionViewInTableViewCell" */;
			buildPhases = (
				A105C8991D0698130074E600 /* Sources */,
				A105C89A1D0698130074E600 /* Frameworks */,
				A105C89B1D0698130074E600 /* Resources */,
			);
			buildRules = (
			);
			dependencies = (
			);
			name = CollectionViewInTableViewCell;
			productName = CollectionViewInTableViewCell;
			productReference = A105C89D1D0698130074E600 /* CollectionViewInTableViewCell.app */;
			productType = "com.apple.product-type.application";
		};
/* End PBXNativeTarget section */

/* Begin PBXProject section */
		A105C8951D0698130074E600 /* Project object */ = {
			isa = PBXProject;
			attributes = {
				LastSwiftUpdateCheck = 0730;
				LastUpgradeCheck = 0730;
				ORGANIZATIONNAME = Airtasker;
				TargetAttributes = {
					A105C89C1D0698130074E600 = {
						CreatedOnToolsVersion = 7.3;
					};
				};
			};
			buildConfigurationList = A105C8981D0698130074E600 /* Build configuration list for PBXProject "CollectionViewInTableViewCell" */;
			compatibilityVersion = "Xcode 3.2";
			developmentRegion = English;
			hasScannedForEncodings = 0;
			knownRegions = (
				en,
				Base,
			);
			mainGroup = A105C8941D0698130074E600;
			productRefGroup = A105C89E1D0698130074E600 /* Products */;
			projectDirPath = "";
			projectRoot = "";
			targets = (
				A105C89C1D0698130074E600 /* CollectionViewInTableViewCell */,
			);
		};
/* End PBXProject section */

/* Begin PBXResourcesBuildPhase section */
		A105C89B1D0698130074E600 /* Resources */ = {
			isa = PBXResourcesBuildPhase;
			buildActionMask = 2147483647;
			files = (
				A105C8AB1D0698130074E600 /* LaunchScreen.storyboard in Resources */,
				A105C8A81D0698130074E600 /* Assets.xcassets in Resources */,
				A105C8A61D0698130074E600 /* Main.storyboard in Resources */,
			);
			runOnlyForDeploymentPostprocessing = 0;
		};
/* End PBXResourcesBuildPhase section */

/* Begin PBXSourcesBuildPhase section */
		A105C8991D0698130074E600 /* Sources */ = {
			isa = PBXSourcesBuildPhase;
			buildActionMask = 2147483647;
			files = (
				A105C8B31D069BA20074E600 /* TableViewCell.swift in Sources */,
				A105C8A31D0698130074E600 /* ViewController.swift in Sources */,
				A105C8B51D069BB60074E600 /* CollectionViewCell.swift in Sources */,
				A105C8A11D0698130074E600 /* AppDelegate.swift in Sources */,
			);
			runOnlyForDeploymentPostprocessing = 0;
		};
/* End PBXSourcesBuildPhase section */

/* Begin PBXVariantGroup section */
		A105C8A41D0698130074E600 /* Main.storyboard */ = {
			isa = PBXVariantGroup;
			children = (
				A105C8A51D0698130074E600 /* Base */,
			);
			name = Main.storyboard;
			sourceTree = "<group>";
		};
		A105C8A91D0698130074E600 /* LaunchScreen.storyboard */ = {
			isa = PBXVariantGroup;
			children = (
				A105C8AA1D0698130074E600 /* Base */,
			);
			name = LaunchScreen.storyboard;
			sourceTree = "<group>";
		};
/* End PBXVariantGroup section */

/* Begin XCBuildConfiguration section */
		A105C8AD1D0698130074E600 /* Debug */ = {
			isa = XCBuildConfiguration;
			buildSettings = {
				ALWAYS_SEARCH_USER_PATHS = NO;
				CLANG_ANALYZER_NONNULL = YES;
				CLANG_CXX_LANGUAGE_STANDARD = "gnu++0x";
				CLANG_CXX_LIBRARY = "libc++";
				CLANG_ENABLE_MODULES = YES;
				CLANG_ENABLE_OBJC_ARC = YES;
				CLANG_WARN_BOOL_CONVERSION = YES;
				CLANG_WARN_CONSTANT_CONVERSION = YES;
				CLANG_WARN_DIRECT_OBJC_ISA_USAGE = YES_ERROR;
				CLANG_WARN_EMPTY_BODY = YES;
				CLANG_WARN_ENUM_CONVERSION = YES;
				CLANG_WARN_INT_CONVERSION = YES;
				CLANG_WARN_OBJC_ROOT_CLASS = YES_ERROR;
				CLANG_WARN_UNREACHABLE_CODE = YES;
				CLANG_WARN__DUPLICATE_METHOD_MATCH = YES;
				"CODE_SIGN_IDENTITY[sdk=iphoneos*]" = "iPhone Developer";
				COPY_PHASE_STRIP = NO;
				DEBUG_INFORMATION_FORMAT = dwarf;
				ENABLE_STRICT_OBJC_MSGSEND = YES;
				ENABLE_TESTABILITY = YES;
				GCC_C_LANGUAGE_STANDARD = gnu99;
				GCC_DYNAMIC_NO_PIC = NO;
				GCC_NO_COMMON_BLOCKS = YES;
				GCC_OPTIMIZATION_LEVEL = 0;
				GCC_PREPROCESSOR_DEFINITIONS = (
					"DEBUG=1",
					"$(inherited)",
				);
				GCC_WARN_64_TO_32_BIT_CONVERSION = YES;
				GCC_WARN_ABOUT_RETURN_TYPE = YES_ERROR;
				GCC_WARN_UNDECLARED_SELECTOR = YES;
				GCC_WARN_UNINITIALIZED_AUTOS = YES_AGGRESSIVE;
				GCC_WARN_UNUSED_FUNCTION = YES;
				GCC_WARN_UNUSED_VARIABLE = YES;
				IPHONEOS_DEPLOYMENT_TARGET = 9.3;
				MTL_ENABLE_DEBUG_INFO = YES;
				ONLY_ACTIVE_ARCH = YES;
				SDKROOT = iphoneos;
				SWIFT_OPTIMIZATION_LEVEL = "-Onone";
				TARGETED_DEVICE_FAMILY = "1,2";
			};
			name = Debug;
		};
		A105C8AE1D0698130074E600 /* Release */ = {
			isa = XCBuildConfiguration;
			buildSettings = {
				ALWAYS_SEARCH_USER_PATHS = NO;
				CLANG_ANALYZER_NONNULL = YES;
				CLANG_CXX_LANGUAGE_STANDARD = "gnu++0x";
				CLANG_CXX_LIBRARY = "libc++";
				CLANG_ENABLE_MODULES = YES;
				CLANG_ENABLE_OBJC_ARC = YES;
				CLANG_WARN_BOOL_CONVERSION = YES;
				CLANG_WARN_CONSTANT_CONVERSION = YES;
				CLANG_WARN_DIRECT_OBJC_ISA_USAGE = YES_ERROR;
				CLANG_WARN_EMPTY_BODY = YES;
				CLANG_WARN_ENUM_CONVERSION = YES;
				CLANG_WARN_INT_CONVERSION = YES;
				CLANG_WARN_OBJC_ROOT_CLASS = YES_ERROR;
				CLANG_WARN_UNREACHABLE_CODE = YES;
				CLANG_WARN__DUPLICATE_METHOD_MATCH = YES;
				"CODE_SIGN_IDENTITY[sdk=iphoneos*]" = "iPhone Developer";
				COPY_PHASE_STRIP = NO;
				DEBUG_INFORMATION_FORMAT = "dwarf-with-dsym";
				ENABLE_NS_ASSERTIONS = NO;
				ENABLE_STRICT_OBJC_MSGSEND = YES;
				GCC_C_LANGUAGE_STANDARD = gnu99;
				GCC_NO_COMMON_BLOCKS = YES;
				GCC_WARN_64_TO_32_BIT_CONVERSION = YES;
				GCC_WARN_ABOUT_RETURN_TYPE = YES_ERROR;
				GCC_WARN_UNDECLARED_SELECTOR = YES;
				GCC_WARN_UNINITIALIZED_AUTOS = YES_AGGRESSIVE;
				GCC_WARN_UNUSED_FUNCTION = YES;
				GCC_WARN_UNUSED_VARIABLE = YES;
				IPHONEOS_DEPLOYMENT_TARGET = 9.3;
				MTL_ENABLE_DEBUG_INFO = NO;
				SDKROOT = iphoneos;
				TARGETED_DEVICE_FAMILY = "1,2";
				VALIDATE_PRODUCT = YES;
			};
			name = Release;
		};
		A105C8B01D0698130074E600 /* Debug */ = {
			isa = XCBuildConfiguration;
			buildSettings = {
				ASSETCATALOG_COMPILER_APPICON_NAME = AppIcon;
				FRAMEWORK_SEARCH_PATHS = (
					"$(inherited)",
					"$(PROJECT_DIR)",
					"$(SYSTEM_APPS_DIR)/Reveal.app/Contents/SharedSupport/iOS-Libraries",
				);
				INFOPLIST_FILE = CollectionViewInTableViewCell/Info.plist;
				IPHONEOS_DEPLOYMENT_TARGET = 8.4;
				LD_RUNPATH_SEARCH_PATHS = "$(inherited) @executable_path/Frameworks";
				OTHER_LDFLAGS = (
					"-ObjC",
					"-lz",
					"-framework",
					Reveal,
				);
				PRODUCT_BUNDLE_IDENTIFIER = com.airtasker.CollectionViewInTableViewCell;
				PRODUCT_NAME = "$(TARGET_NAME)";
			};
			name = Debug;
		};
		A105C8B11D0698130074E600 /* Release */ = {
			isa = XCBuildConfiguration;
			buildSettings = {
				ASSETCATALOG_COMPILER_APPICON_NAME = AppIcon;
				FRAMEWORK_SEARCH_PATHS = (
					"$(inherited)",
					"$(PROJECT_DIR)",
					"$(SYSTEM_APPS_DIR)/Reveal.app/Contents/SharedSupport/iOS-Libraries",
				);
				INFOPLIST_FILE = CollectionViewInTableViewCell/Info.plist;
				IPHONEOS_DEPLOYMENT_TARGET = 8.4;
				LD_RUNPATH_SEARCH_PATHS = "$(inherited) @executable_path/Frameworks";
				OTHER_LDFLAGS = (
					"-ObjC",
					"-lz",
					"-framework",
					Reveal,
				);
				PRODUCT_BUNDLE_IDENTIFIER = com.airtasker.CollectionViewInTableViewCell;
				PRODUCT_NAME = "$(TARGET_NAME)";
			};
			name = Release;
		};
/* End XCBuildConfiguration section */

/* Begin XCConfigurationList section */
		A105C8981D0698130074E600 /* Build configuration list for PBXProject "CollectionViewInTableViewCell" */ = {
			isa = XCConfigurationList;
			buildConfigurations = (
				A105C8AD1D0698130074E600 /* Debug */,
				A105C8AE1D0698130074E600 /* Release */,
			);
			defaultConfigurationIsVisible = 0;
			defaultConfigurationName = Release;
		};
		A105C8AF1D0698130074E600 /* Build configuration list for PBXNativeTarget "CollectionViewInTableViewCell" */ = {
			isa = XCConfigurationList;
			buildConfigurations = (
				A105C8B01D0698130074E600 /* Debug */,
				A105C8B11D0698130074E600 /* Release */,
			);
			defaultConfigurationIsVisible = 0;
		};
/* End XCConfigurationList section */
	};
	rootObject = A105C8951D0698130074E600 /* Project object */;
}
